
Microsoft Visual Studio Solution File, Format Version 12.00
# Visual Studio Version 16
VisualStudioVersion = 16.0.29613.14
MinimumVisualStudioVersion = 10.0.40219.1
Project("{FAE04EC0-301F-11D3-BF4B-00C04F79EFBC}") = "Easy.SMTP.Client", "Easy.SMTP.Client\Easy.SMTP.Client.csproj", "{F61AFBB7-E1F5-4EFD-9384-7E0186D29044}"
EndProject
Project("{FAE04EC0-301F-11D3-BF4B-00C04F79EFBC}") = "Easy.SMTP.Test", "Easy.SMTP.Test\Easy.SMTP.Test.csproj", "{2D3FBEBE-EC7A-4544-A521-F59C486B29F0}"
EndProject
Project("{54435603-DBB4-11D2-8724-00A0C9A8B90C}") = "Easy.SMTP.Setup", "Easy.SMTP.Setup\Easy.SMTP.Setup.vdproj", "{04D96995-7D47-4787-9303-217599443C8A}"
EndProject
Global
	GlobalSection(SolutionConfigurationPlatforms) = preSolution
		Debug|Any CPU = Debug|Any CPU
		Release|Any CPU = Release|Any CPU
	EndGlobalSection
	GlobalSection(ProjectConfigurationPlatforms) = postSolution
		{F61AFBB7-E1F5-4EFD-9384-7E0186D29044}.Debug|Any CPU.ActiveCfg = Debug|Any CPU
		{F61AFBB7-E1F5-4EFD-9384-7E0186D29044}.Debug|Any CPU.Build.0 = Debug|Any CPU
		{F61AFBB7-E1F5-4EFD-9384-7E0186D29044}.Release|Any CPU.ActiveCfg = Release|Any CPU
		{F61AFBB7-E1F5-4EFD-9384-7E0186D29044}.Release|Any CPU.Build.0 = Release|Any CPU
		{2D3FBEBE-EC7A-4544-A521-F59C486B29F0}.Debug|Any CPU.ActiveCfg = Debug|Any CPU
		{2D3FBEBE-EC7A-4544-A521-F59C486B29F0}.Debug|Any CPU.Build.0 = Debug|Any CPU
		{2D3FBEBE-EC7A-4544-A521-F59C486B29F0}.Release|Any CPU.ActiveCfg = Release|Any CPU
		{2D3FBEBE-EC7A-4544-A521-F59C486B29F0}.Release|Any CPU.Build.0 = Release|Any CPU
		{04D96995-7D47-4787-9303-217599443C8A}.Debug|Any CPU.ActiveCfg = Debug
		{04D96995-7D47-4787-9303-217599443C8A}.Release|Any CPU.ActiveCfg = Release
	EndGlobalSection
	GlobalSection(SolutionProperties) = preSolution
		HideSolutionNode = FALSE
	EndGlobalSection
	GlobalSection(ExtensibilityGlobals) = postSolution
		SolutionGuid = {6C49B955-94A6-416C-BE99-320D2002123D}
	EndGlobalSection
EndGlobal
